dependencies:
- name: sveltos-crds
  repository: https://projectsveltos.github.io/helm-charts
  version: 1.1.1
- name: projectsveltos
  repository: https://projectsveltos.github.io/helm-charts
  version: 1.1.1
digest: sha256:be42d0a94db486cb45c749831399d23c6f1526597e3d13c4d43091462aed0909
generated: "2025-10-01T13:32:05.676217+02:00"
