dependencies:
- name: sveltos-crds
  repository: https://projectsveltos.github.io/helm-charts
  version: 0.49.1
- name: projectsveltos
  repository: https://projectsveltos.github.io/helm-charts
  version: 0.49.1
digest: sha256:6dcdb24e01e100f318e6a7ef07c6845ddde9483a2712b38b307a7c4368cdcbd4
generated: "2025-03-10T14:42:18.917443+01:00"
