dependencies:
- name: sveltos-crds
  repository: https://projectsveltos.github.io/helm-charts
  version: 0.57.2
- name: projectsveltos
  repository: https://projectsveltos.github.io/helm-charts
  version: 0.57.2
digest: sha256:2d85831b297b352117daa310298cee624234a582f31127b717eef9ac7d818bdc
generated: "2025-07-09T14:16:36.812494+01:00"
