dependencies:
- name: flux2
  repository: https://fluxcd-community.github.io/helm-charts
  version: 2.17.2
- name: rbac-manager
  repository: https://charts.fairwinds.com/stable
  version: 1.21.5
- name: kcm-regional
  repository: file://../kcm-regional
  version: 1.10.0-rc2
digest: sha256:a3202d35232fef5b9a630396df393f392907a33e64ea5c4bbffd44f2537fccc8
generated: "2026-06-03T19:10:05.310805+04:00"
