dependencies:
- name: flux2
  repository: https://fluxcd-community.github.io/helm-charts
  version: 2.17.2
- name: rbac-manager
  repository: https://charts.fairwinds.com/stable
  version: 1.21.5
- name: kcm-regional
  repository: file://../kcm-regional
  version: 1.7.0
digest: sha256:0850f5aa42bffd1bd758a2cde6616cc822c6854adba843cdb4f2922a6b88975e
generated: "2026-01-28T13:09:17.379301338-06:00"
