dependencies:
- name: cert-manager
  repository: https://charts.jetstack.io
  version: v1.21.0
- name: cluster-api-operator
  repository: https://kubernetes-sigs.github.io/cluster-api-operator
  version: 0.27.0
- name: velero
  repository: https://vmware-tanzu.github.io/helm-charts
  version: 12.1.0
- name: reloader
  repository: https://stakater.github.io/stakater-charts
  version: 2.2.14
digest: sha256:22bbead0000f1fcc449dcd095dd6efbea94b5b7df41dcecadd575cf703107ba0
generated: "2026-07-13T17:39:50.66119+02:00"
