dependencies:
- name: cert-manager
  repository: https://charts.jetstack.io
  version: v1.19.1
- name: cluster-api-operator
  repository: https://kubernetes-sigs.github.io/cluster-api-operator
  version: 0.24.0
- name: velero
  repository: https://vmware-tanzu.github.io/helm-charts
  version: 11.0.0
digest: sha256:a495812e719734018db03f8a1a9982b585900805ef83ec686fb8626390b4ebda
generated: "2025-10-16T15:03:40.241244+02:00"
