dependencies:
- name: cert-manager
  repository: https://charts.jetstack.io
  version: v1.19.2
- name: cluster-api-operator
  repository: https://kubernetes-sigs.github.io/cluster-api-operator
  version: 0.24.1
- name: velero
  repository: https://vmware-tanzu.github.io/helm-charts
  version: 11.3.2
digest: sha256:6f5b967221eeaaa1402c3e59661eb3d7568a65da217de815a02af7de36bfd899
generated: "2026-01-21T13:04:58.403505+07:00"
